
Microsoft Visual Studio Solution File, Format Version 12.00
# Visual Studio Version 17
VisualStudioVersion = 17.7.34031.279
MinimumVisualStudioVersion = 10.0.40219.1
Project("{9A19103F-16F7-4668-BE54-9A1E7A4F7556}") = "Exercise1-Variables", "Exercise1-Variables\Exercise1-Variables.csproj", "{3AC5F2E0-010B-4C6F-8F6B-36A497AEF8C9}"
EndProject
Project("{FAE04EC0-301F-11D3-BF4B-00C04F79EFBC}") = "Pets.App", "Pets.App\Pets.App.csproj", "{590A1173-8D0E-4F86-85C0-294CAC48DFDA}"
EndProject
Global
	GlobalSection(SolutionConfigurationPlatforms) = preSolution
		Debug|Any CPU = Debug|Any CPU
		Release|Any CPU = Release|Any CPU
	EndGlobalSection
	GlobalSection(ProjectConfigurationPlatforms) = postSolution
		{3AC5F2E0-010B-4C6F-8F6B-36A497AEF8C9}.Debug|Any CPU.ActiveCfg = Debug|Any CPU
		{3AC5F2E0-010B-4C6F-8F6B-36A497AEF8C9}.Debug|Any CPU.Build.0 = Debug|Any CPU
		{3AC5F2E0-010B-4C6F-8F6B-36A497AEF8C9}.Release|Any CPU.ActiveCfg = Release|Any CPU
		{3AC5F2E0-010B-4C6F-8F6B-36A497AEF8C9}.Release|Any CPU.Build.0 = Release|Any CPU
		{590A1173-8D0E-4F86-85C0-294CAC48DFDA}.Debug|Any CPU.ActiveCfg = Debug|Any CPU
		{590A1173-8D0E-4F86-85C0-294CAC48DFDA}.Debug|Any CPU.Build.0 = Debug|Any CPU
		{590A1173-8D0E-4F86-85C0-294CAC48DFDA}.Release|Any CPU.ActiveCfg = Release|Any CPU
		{590A1173-8D0E-4F86-85C0-294CAC48DFDA}.Release|Any CPU.Build.0 = Release|Any CPU
	EndGlobalSection
	GlobalSection(SolutionProperties) = preSolution
		HideSolutionNode = FALSE
	EndGlobalSection
	GlobalSection(ExtensibilityGlobals) = postSolution
		SolutionGuid = {697BF9E1-C615-4548-A3E6-0CB4CAB92DA0}
	EndGlobalSection
EndGlobal
